
Microsoft Visual Studio Solution File, Format Version 12.00
# Visual Studio Version 17
VisualStudioVersion = 17.2.32526.322
MinimumVisualStudioVersion = 10.0.40219.1
Project("{FAE04EC0-301F-11D3-BF4B-00C04F79EFBC}") = "ZBC_ATM", "ZBC_ATM.csproj", "{19268C58-D3DF-406B-AA98-304E8F44E1B0}"
EndProject
Project("{FAE04EC0-301F-11D3-BF4B-00C04F79EFBC}") = "ZBC_ATM.Tests", "..\ZBC_ATM.Tests\ZBC_ATM.Tests.csproj", "{A4CBDAE2-B88F-44E7-B4C2-79A29C2CE0C1}"
EndProject
Global
	GlobalSection(SolutionConfigurationPlatforms) = preSolution
		Debug|Any CPU = Debug|Any CPU
		Release|Any CPU = Release|Any CPU
	EndGlobalSection
	GlobalSection(ProjectConfigurationPlatforms) = postSolution
		{19268C58-D3DF-406B-AA98-304E8F44E1B0}.Debug|Any CPU.ActiveCfg = Debug|Any CPU
		{19268C58-D3DF-406B-AA98-304E8F44E1B0}.Debug|Any CPU.Build.0 = Debug|Any CPU
		{19268C58-D3DF-406B-AA98-304E8F44E1B0}.Release|Any CPU.ActiveCfg = Release|Any CPU
		{19268C58-D3DF-406B-AA98-304E8F44E1B0}.Release|Any CPU.Build.0 = Release|Any CPU
		{A4CBDAE2-B88F-44E7-B4C2-79A29C2CE0C1}.Debug|Any CPU.ActiveCfg = Debug|Any CPU
		{A4CBDAE2-B88F-44E7-B4C2-79A29C2CE0C1}.Debug|Any CPU.Build.0 = Debug|Any CPU
		{A4CBDAE2-B88F-44E7-B4C2-79A29C2CE0C1}.Release|Any CPU.ActiveCfg = Release|Any CPU
		{A4CBDAE2-B88F-44E7-B4C2-79A29C2CE0C1}.Release|Any CPU.Build.0 = Release|Any CPU
	EndGlobalSection
	GlobalSection(SolutionProperties) = preSolution
		HideSolutionNode = FALSE
	EndGlobalSection
	GlobalSection(ExtensibilityGlobals) = postSolution
		SolutionGuid = {3362E468-36A8-4D2F-946A-D9B43EA1F647}
	EndGlobalSection
EndGlobal
